
Microsoft Visual Studio Solution File, Format Version 12.00
# Visual Studio 2013
VisualStudioVersion = 12.0.21005.1
MinimumVisualStudioVersion = 10.0.40219.1
Project("{FAE04EC0-301F-11D3-BF4B-00C04F79EFBC}") = "AdventureWorks", "AdventureWorks\AdventureWorks.csproj", "{EF413D73-D9E0-4B3D-BCB2-255F7F71AB7F}"
EndProject
Project("{FAE04EC0-301F-11D3-BF4B-00C04F79EFBC}") = "AdventureWorks.Tests", "AdventureWorks.Tests\AdventureWorks.Tests.csproj", "{1C1F083A-912E-41D2-843A-476B7B52FB12}"
EndProject
Global
	GlobalSection(SolutionConfigurationPlatforms) = preSolution
		Debug|Any CPU = Debug|Any CPU
		Release|Any CPU = Release|Any CPU
	EndGlobalSection
	GlobalSection(ProjectConfigurationPlatforms) = postSolution
		{EF413D73-D9E0-4B3D-BCB2-255F7F71AB7F}.Debug|Any CPU.ActiveCfg = Debug|Any CPU
		{EF413D73-D9E0-4B3D-BCB2-255F7F71AB7F}.Debug|Any CPU.Build.0 = Debug|Any CPU
		{EF413D73-D9E0-4B3D-BCB2-255F7F71AB7F}.Release|Any CPU.ActiveCfg = Release|Any CPU
		{EF413D73-D9E0-4B3D-BCB2-255F7F71AB7F}.Release|Any CPU.Build.0 = Release|Any CPU
		{1C1F083A-912E-41D2-843A-476B7B52FB12}.Debug|Any CPU.ActiveCfg = Debug|Any CPU
		{1C1F083A-912E-41D2-843A-476B7B52FB12}.Debug|Any CPU.Build.0 = Debug|Any CPU
		{1C1F083A-912E-41D2-843A-476B7B52FB12}.Release|Any CPU.ActiveCfg = Release|Any CPU
		{1C1F083A-912E-41D2-843A-476B7B52FB12}.Release|Any CPU.Build.0 = Release|Any CPU
	EndGlobalSection
	GlobalSection(SolutionProperties) = preSolution
		HideSolutionNode = FALSE
	EndGlobalSection
EndGlobal
